
Microsoft Visual Studio Solution File, Format Version 12.00
# Visual Studio Version 16
VisualStudioVersion = 16.0.31424.327
MinimumVisualStudioVersion = 10.0.40219.1
Project("{FAE04EC0-301F-11D3-BF4B-00C04F79EFBC}") = "Decorator", "Decorator\Decorator.csproj", "{ABC3DE1E-FFDA-4363-A780-B5F9383D406C}"
EndProject
Global
	GlobalSection(SolutionConfigurationPlatforms) = preSolution
		Debug|Any CPU = Debug|Any CPU
		Release|Any CPU = Release|Any CPU
	EndGlobalSection
	GlobalSection(ProjectConfigurationPlatforms) = postSolution
		{ABC3DE1E-FFDA-4363-A780-B5F9383D406C}.Debug|Any CPU.ActiveCfg = Debug|Any CPU
		{ABC3DE1E-FFDA-4363-A780-B5F9383D406C}.Debug|Any CPU.Build.0 = Debug|Any CPU
		{ABC3DE1E-FFDA-4363-A780-B5F9383D406C}.Release|Any CPU.ActiveCfg = Release|Any CPU
		{ABC3DE1E-FFDA-4363-A780-B5F9383D406C}.Release|Any CPU.Build.0 = Release|Any CPU
	EndGlobalSection
	GlobalSection(SolutionProperties) = preSolution
		HideSolutionNode = FALSE
	EndGlobalSection
	GlobalSection(ExtensibilityGlobals) = postSolution
		SolutionGuid = {BFF4733A-8022-4F5B-ADA7-5121D0D10DAF}
	EndGlobalSection
EndGlobal
